
Microsoft Visual Studio Solution File, Format Version 12.00
Project("{FAE04EC0-301F-11D3-BF4B-00C04F79EFBC}") = "ScoreBoardModel", "ScoreBoardModel\ScoreBoardModel.csproj", "{2A2089B6-4BEC-4531-8A92-5FA3AC097860}"
EndProject
Project("{FAE04EC0-301F-11D3-BF4B-00C04F79EFBC}") = "ORDataBase", "ORDataBase\ORDataBase.csproj", "{47BF16BC-C513-4CDB-A1CC-34033692BC18}"
EndProject
Global
	GlobalSection(SolutionConfigurationPlatforms) = preSolution
		Debug|Any CPU = Debug|Any CPU
		Release|Any CPU = Release|Any CPU
	EndGlobalSection
	GlobalSection(ProjectConfigurationPlatforms) = postSolution
		{2A2089B6-4BEC-4531-8A92-5FA3AC097860}.Debug|Any CPU.ActiveCfg = Debug|Any CPU
		{2A2089B6-4BEC-4531-8A92-5FA3AC097860}.Debug|Any CPU.Build.0 = Debug|Any CPU
		{2A2089B6-4BEC-4531-8A92-5FA3AC097860}.Release|Any CPU.ActiveCfg = Release|Any CPU
		{2A2089B6-4BEC-4531-8A92-5FA3AC097860}.Release|Any CPU.Build.0 = Release|Any CPU
		{47BF16BC-C513-4CDB-A1CC-34033692BC18}.Debug|Any CPU.ActiveCfg = Debug|Any CPU
		{47BF16BC-C513-4CDB-A1CC-34033692BC18}.Debug|Any CPU.Build.0 = Debug|Any CPU
		{47BF16BC-C513-4CDB-A1CC-34033692BC18}.Release|Any CPU.ActiveCfg = Release|Any CPU
		{47BF16BC-C513-4CDB-A1CC-34033692BC18}.Release|Any CPU.Build.0 = Release|Any CPU
	EndGlobalSection
EndGlobal
